
Microsoft Visual Studio Solution File, Format Version 12.00
# Visual Studio Version 17
VisualStudioVersion = 17.11.35219.272
MinimumVisualStudioVersion = 10.0.40219.1
Project("{8BC9CEB8-8B4A-11D0-8D11-00A0C91BC942}") = "Doanmonhoc-Group ID P14", "Doanmonhoc-Group ID P14\Doanmonhoc-Group ID P14.vcxproj", "{F124737F-9C9E-4A83-B0A3-7869C803F22C}"
EndProject
Global
	GlobalSection(SolutionConfigurationPlatforms) = preSolution
		Debug|x64 = Debug|x64
		Debug|x86 = Debug|x86
		Release|x64 = Release|x64
		Release|x86 = Release|x86
	EndGlobalSection
	GlobalSection(ProjectConfigurationPlatforms) = postSolution
		{F124737F-9C9E-4A83-B0A3-7869C803F22C}.Debug|x64.ActiveCfg = Debug|x64
		{F124737F-9C9E-4A83-B0A3-7869C803F22C}.Debug|x64.Build.0 = Debug|x64
		{F124737F-9C9E-4A83-B0A3-7869C803F22C}.Debug|x86.ActiveCfg = Debug|Win32
		{F124737F-9C9E-4A83-B0A3-7869C803F22C}.Debug|x86.Build.0 = Debug|Win32
		{F124737F-9C9E-4A83-B0A3-7869C803F22C}.Release|x64.ActiveCfg = Release|x64
		{F124737F-9C9E-4A83-B0A3-7869C803F22C}.Release|x64.Build.0 = Release|x64
		{F124737F-9C9E-4A83-B0A3-7869C803F22C}.Release|x86.ActiveCfg = Release|Win32
		{F124737F-9C9E-4A83-B0A3-7869C803F22C}.Release|x86.Build.0 = Release|Win32
	EndGlobalSection
	GlobalSection(SolutionProperties) = preSolution
		HideSolutionNode = FALSE
	EndGlobalSection
	GlobalSection(ExtensibilityGlobals) = postSolution
		SolutionGuid = {6A994718-72E5-4EF3-8F3B-4C5F7A10F7BF}
	EndGlobalSection
EndGlobal
